
Microsoft Visual Studio Solution File, Format Version 12.00
# Visual Studio Version 16
VisualStudioVersion = 16.0.30413.136
MinimumVisualStudioVersion = 10.0.40219.1
Project("{FAE04EC0-301F-11D3-BF4B-00C04F79EFBC}") = "ccsd2", "ccsd2\ccsd2.csproj", "{4BEE686F-BC9B-4F49-B0A2-8C0D3AEB8F31}"
EndProject
Global
	GlobalSection(SolutionConfigurationPlatforms) = preSolution
		Debug|Any CPU = Debug|Any CPU
		Release|Any CPU = Release|Any CPU
	EndGlobalSection
	GlobalSection(ProjectConfigurationPlatforms) = postSolution
		{4BEE686F-BC9B-4F49-B0A2-8C0D3AEB8F31}.Debug|Any CPU.ActiveCfg = Debug|Any CPU
		{4BEE686F-BC9B-4F49-B0A2-8C0D3AEB8F31}.Debug|Any CPU.Build.0 = Debug|Any CPU
		{4BEE686F-BC9B-4F49-B0A2-8C0D3AEB8F31}.Release|Any CPU.ActiveCfg = Release|Any CPU
		{4BEE686F-BC9B-4F49-B0A2-8C0D3AEB8F31}.Release|Any CPU.Build.0 = Release|Any CPU
	EndGlobalSection
	GlobalSection(SolutionProperties) = preSolution
		HideSolutionNode = FALSE
	EndGlobalSection
	GlobalSection(ExtensibilityGlobals) = postSolution
		SolutionGuid = {27CDF716-5EF0-447A-BBE3-EDCA64FAD02A}
	EndGlobalSection
EndGlobal
